
Microsoft Visual Studio Solution File, Format Version 12.00
# Visual Studio Version 17
VisualStudioVersion = 17.12.35506.116 d17.12
MinimumVisualStudioVersion = 10.0.40219.1
Project("{FAE04EC0-301F-11D3-BF4B-00C04F79EFBC}") = "ApiIenumerableErrors", "ApiIenumerableErrors\ApiIenumerableErrors.csproj", "{05F7EE3F-2C14-4AED-8102-416EEF69D105}"
EndProject
Project("{FAE04EC0-301F-11D3-BF4B-00C04F79EFBC}") = "ApiIenumerableErrors.Tests", "ApiIenumerableErrors.Tests\ApiIenumerableErrors.Tests.csproj", "{CFEB0539-CEBC-499F-81A6-F5F28E593357}"
EndProject
Global
	GlobalSection(SolutionConfigurationPlatforms) = preSolution
		Debug|Any CPU = Debug|Any CPU
		Release|Any CPU = Release|Any CPU
	EndGlobalSection
	GlobalSection(ProjectConfigurationPlatforms) = postSolution
		{05F7EE3F-2C14-4AED-8102-416EEF69D105}.Debug|Any CPU.ActiveCfg = Debug|Any CPU
		{05F7EE3F-2C14-4AED-8102-416EEF69D105}.Debug|Any CPU.Build.0 = Debug|Any CPU
		{05F7EE3F-2C14-4AED-8102-416EEF69D105}.Release|Any CPU.ActiveCfg = Release|Any CPU
		{05F7EE3F-2C14-4AED-8102-416EEF69D105}.Release|Any CPU.Build.0 = Release|Any CPU
		{CFEB0539-CEBC-499F-81A6-F5F28E593357}.Debug|Any CPU.ActiveCfg = Debug|Any CPU
		{CFEB0539-CEBC-499F-81A6-F5F28E593357}.Debug|Any CPU.Build.0 = Debug|Any CPU
		{CFEB0539-CEBC-499F-81A6-F5F28E593357}.Release|Any CPU.ActiveCfg = Release|Any CPU
		{CFEB0539-CEBC-499F-81A6-F5F28E593357}.Release|Any CPU.Build.0 = Release|Any CPU
	EndGlobalSection
	GlobalSection(SolutionProperties) = preSolution
		HideSolutionNode = FALSE
	EndGlobalSection
EndGlobal
